
Microsoft Visual Studio Solution File, Format Version 12.00
# Visual Studio Version 16
VisualStudioVersion = 16.0.29319.158
MinimumVisualStudioVersion = 10.0.40219.1
Project("{9A19103F-16F7-4668-BE54-9A1E7A4F7556}") = "Application", "src\Application\Application.csproj", "{34C0FACD-F3D9-400C-8945-554DD6B0819A}"
EndProject
Project("{9A19103F-16F7-4668-BE54-9A1E7A4F7556}") = "Infrastructure", "src\Infrastructure\Infrastructure.csproj", "{117DA02F-5274-4565-ACC6-DA9B6E568B09}"
EndProject
Project("{2150E333-8FDC-42A3-9474-1A3956D46DE8}") = "src", "src", "{6ED356A7-8B47-4613-AD01-C85CF28491BD}"
EndProject
Project("{9A19103F-16F7-4668-BE54-9A1E7A4F7556}") = "WebApi", "src\WebApi\WebApi.csproj", "{0BCD1FBE-A19A-44B4-A776-7326D9407AE0}"
EndProject
Project("{2150E333-8FDC-42A3-9474-1A3956D46DE8}") = "test", "test", "{20315DE4-CCDB-4DCB-88EB-AF8A9B563106}"
EndProject
Project("{FAE04EC0-301F-11D3-BF4B-00C04F79EFBC}") = "Handlers", "Handler.Tests\Handlers.csproj", "{1DEA48B1-4CC7-4511-B2B0-85697BEE0BA1}"
EndProject
Project("{FAE04EC0-301F-11D3-BF4B-00C04F79EFBC}") = "Common", "Common.Tests\Common.csproj", "{C2EBF1CD-E6DE-4939-99A9-4ECFC3168796}"
EndProject
Project("{FAE04EC0-301F-11D3-BF4B-00C04F79EFBC}") = "Services", "Services\Services.csproj", "{4FC51C0B-C4B1-489A-B400-0CA59F110362}"
EndProject
Project("{FAE04EC0-301F-11D3-BF4B-00C04F79EFBC}") = "Controllers", "Validations\Controllers.csproj", "{B35A4F1B-DB02-4F37-9076-2F477F2B2797}"
EndProject
Global
	GlobalSection(SolutionConfigurationPlatforms) = preSolution
		Debug|Any CPU = Debug|Any CPU
		Release|Any CPU = Release|Any CPU
	EndGlobalSection
	GlobalSection(ProjectConfigurationPlatforms) = postSolution
		{34C0FACD-F3D9-400C-8945-554DD6B0819A}.Debug|Any CPU.ActiveCfg = Debug|Any CPU
		{34C0FACD-F3D9-400C-8945-554DD6B0819A}.Debug|Any CPU.Build.0 = Debug|Any CPU
		{34C0FACD-F3D9-400C-8945-554DD6B0819A}.Release|Any CPU.ActiveCfg = Release|Any CPU
		{34C0FACD-F3D9-400C-8945-554DD6B0819A}.Release|Any CPU.Build.0 = Release|Any CPU
		{117DA02F-5274-4565-ACC6-DA9B6E568B09}.Debug|Any CPU.ActiveCfg = Debug|Any CPU
		{117DA02F-5274-4565-ACC6-DA9B6E568B09}.Debug|Any CPU.Build.0 = Debug|Any CPU
		{117DA02F-5274-4565-ACC6-DA9B6E568B09}.Release|Any CPU.ActiveCfg = Release|Any CPU
		{117DA02F-5274-4565-ACC6-DA9B6E568B09}.Release|Any CPU.Build.0 = Release|Any CPU
		{0BCD1FBE-A19A-44B4-A776-7326D9407AE0}.Debug|Any CPU.ActiveCfg = Debug|Any CPU
		{0BCD1FBE-A19A-44B4-A776-7326D9407AE0}.Debug|Any CPU.Build.0 = Debug|Any CPU
		{0BCD1FBE-A19A-44B4-A776-7326D9407AE0}.Release|Any CPU.ActiveCfg = Release|Any CPU
		{0BCD1FBE-A19A-44B4-A776-7326D9407AE0}.Release|Any CPU.Build.0 = Release|Any CPU
		{1DEA48B1-4CC7-4511-B2B0-85697BEE0BA1}.Debug|Any CPU.ActiveCfg = Debug|Any CPU
		{1DEA48B1-4CC7-4511-B2B0-85697BEE0BA1}.Debug|Any CPU.Build.0 = Debug|Any CPU
		{1DEA48B1-4CC7-4511-B2B0-85697BEE0BA1}.Release|Any CPU.ActiveCfg = Release|Any CPU
		{1DEA48B1-4CC7-4511-B2B0-85697BEE0BA1}.Release|Any CPU.Build.0 = Release|Any CPU
		{C2EBF1CD-E6DE-4939-99A9-4ECFC3168796}.Debug|Any CPU.ActiveCfg = Debug|Any CPU
		{C2EBF1CD-E6DE-4939-99A9-4ECFC3168796}.Debug|Any CPU.Build.0 = Debug|Any CPU
		{C2EBF1CD-E6DE-4939-99A9-4ECFC3168796}.Release|Any CPU.ActiveCfg = Release|Any CPU
		{C2EBF1CD-E6DE-4939-99A9-4ECFC3168796}.Release|Any CPU.Build.0 = Release|Any CPU
		{4FC51C0B-C4B1-489A-B400-0CA59F110362}.Debug|Any CPU.ActiveCfg = Debug|Any CPU
		{4FC51C0B-C4B1-489A-B400-0CA59F110362}.Debug|Any CPU.Build.0 = Debug|Any CPU
		{4FC51C0B-C4B1-489A-B400-0CA59F110362}.Release|Any CPU.ActiveCfg = Release|Any CPU
		{4FC51C0B-C4B1-489A-B400-0CA59F110362}.Release|Any CPU.Build.0 = Release|Any CPU
		{B35A4F1B-DB02-4F37-9076-2F477F2B2797}.Debug|Any CPU.ActiveCfg = Debug|Any CPU
		{B35A4F1B-DB02-4F37-9076-2F477F2B2797}.Debug|Any CPU.Build.0 = Debug|Any CPU
		{B35A4F1B-DB02-4F37-9076-2F477F2B2797}.Release|Any CPU.ActiveCfg = Release|Any CPU
		{B35A4F1B-DB02-4F37-9076-2F477F2B2797}.Release|Any CPU.Build.0 = Release|Any CPU
	EndGlobalSection
	GlobalSection(SolutionProperties) = preSolution
		HideSolutionNode = FALSE
	EndGlobalSection
	GlobalSection(NestedProjects) = preSolution
		{34C0FACD-F3D9-400C-8945-554DD6B0819A} = {6ED356A7-8B47-4613-AD01-C85CF28491BD}
		{117DA02F-5274-4565-ACC6-DA9B6E568B09} = {6ED356A7-8B47-4613-AD01-C85CF28491BD}
		{0BCD1FBE-A19A-44B4-A776-7326D9407AE0} = {6ED356A7-8B47-4613-AD01-C85CF28491BD}
		{1DEA48B1-4CC7-4511-B2B0-85697BEE0BA1} = {20315DE4-CCDB-4DCB-88EB-AF8A9B563106}
		{C2EBF1CD-E6DE-4939-99A9-4ECFC3168796} = {20315DE4-CCDB-4DCB-88EB-AF8A9B563106}
		{4FC51C0B-C4B1-489A-B400-0CA59F110362} = {20315DE4-CCDB-4DCB-88EB-AF8A9B563106}
		{B35A4F1B-DB02-4F37-9076-2F477F2B2797} = {20315DE4-CCDB-4DCB-88EB-AF8A9B563106}
	EndGlobalSection
	GlobalSection(ExtensibilityGlobals) = postSolution
		SolutionGuid = {3CB609D9-5D54-4C11-A371-DAAC8B74E430}
	EndGlobalSection
EndGlobal
